<?xml version="1.0" encoding="utf-8"?>
<Project ToolsVersion="4.0" xmlns="http://schemas.microsoft.com/developer/msbuild/2003">
  <ItemGroup>
    <Filter Include="Source Files">
      <UniqueIdentifier>{4FC737F1-C7A5-4376-A066-2A32D752A2FF}</UniqueIdentifier>
      <Extensions>cpp;c;cc;cxx;c++;cppm;ixx;def;odl;idl;hpj;bat;asm;asmx</Extensions>
    </Filter>
    <Filter Include="Header Files">
      <UniqueIdentifier>{93995380-89BD-4b04-88EB-625FBE52EBFB}</UniqueIdentifier>
      <Extensions>h;hh;hpp;hxx;h++;hm;inl;inc;ipp;xsd</Extensions>
    </Filter>
    <Filter Include="Resource Files">
      <UniqueIdentifier>{67DA6AB6-F800-4c08-8B7A-83BB121AAD01}</UniqueIdentifier>
      <Extensions>rc;ico;cur;bmp;dlg;rc2;rct;bin;rgs;gif;jpg;jpeg;jpe;resx;tiff;tif;png;wav;mfcribbon-ms</Extensions>
    </Filter>
  </ItemGroup>
  <ItemGroup>
    <ClInclude Include="util.hpp">
      <Filter>Header Files</Filter>
    </ClInclude>
    <ClInclude Include="render\imgui\imconfig.h">
      <Filter>Header Files</Filter>
    </ClInclude>
    <ClInclude Include="render\imgui\imgui.h">
      <Filter>Header Files</Filter>
    </ClInclude>
    <ClInclude Include="render\imgui\imgui_impl_dx11.h">
      <Filter>Header Files</Filter>
    </ClInclude>
    <ClInclude Include="render\imgui\imgui_impl_win32.h">
      <Filter>Header Files</Filter>
    </ClInclude>
    <ClInclude Include="render\imgui\imgui_internal.h">
      <Filter>Header Files</Filter>
    </ClInclude>
    <ClInclude Include="render\imgui\imstb_rectpack.h">
      <Filter>Header Files</Filter>
    </ClInclude>
    <ClInclude Include="render\imgui\imstb_textedit.h">
      <Filter>Header Files</Filter>
    </ClInclude>
    <ClInclude Include="render\imgui\imstb_truetype.h">
      <Filter>Header Files</Filter>
    </ClInclude>
    <ClInclude Include="render\render.h">
      <Filter>Header Files</Filter>
    </ClInclude>
    <ClInclude Include="render\custom\custom.h">
      <Filter>Header Files</Filter>
    </ClInclude>
    <ClInclude Include="render\custom\imgui_tricks.h">
      <Filter>Header Files</Filter>
    </ClInclude>
    <ClInclude Include="cheat\settings.hpp">
      <Filter>Header Files</Filter>
    </ClInclude>
    <ClInclude Include="render\menu\menu.hpp">
      <Filter>Header Files</Filter>
    </ClInclude>
    <ClInclude Include="cheat\structs.hpp">
      <Filter>Header Files</Filter>
    </ClInclude>
    <ClInclude Include="cheat\sdk.hpp">
      <Filter>Header Files</Filter>
    </ClInclude>
    <ClInclude Include="cheat\actors\cache.h">
      <Filter>Header Files</Filter>
    </ClInclude>
    <ClInclude Include="cheat\actors\esp.hpp">
      <Filter>Header Files</Filter>
    </ClInclude>
    <ClInclude Include="cheat\mouse.hpp">
      <Filter>Header Files</Filter>
    </ClInclude>
    <ClInclude Include="cheat\actors\aimbot.hpp">
      <Filter>Header Files</Filter>
    </ClInclude>
    <ClInclude Include="render\custom\icons.h">
      <Filter>Header Files</Filter>
    </ClInclude>
    <ClInclude Include="render\menu\MuseoSansCyrl-300_0.h">
      <Filter>Header Files</Filter>
    </ClInclude>
    <ClInclude Include="render\menu\MuseoSansCyrl-500_0.h">
      <Filter>Header Files</Filter>
    </ClInclude>
    <ClInclude Include="render\menu\PoggyClean.h">
      <Filter>Header Files</Filter>
    </ClInclude>
    <ClInclude Include="cheat\actors\defs.h">
      <Filter>Header Files</Filter>
    </ClInclude>
    <ClInclude Include="cheat\kernel\defs.h">
      <Filter>Header Files</Filter>
    </ClInclude>
    <ClInclude Include="cheat\kernel\driver.h">
      <Filter>Header Files</Filter>
    </ClInclude>
    <ClInclude Include="render\menu\icon.h">
      <Filter>Header Files</Filter>
    </ClInclude>
    <ClInclude Include="monkey.h">
      <Filter>Header Files</Filter>
    </ClInclude>
    <ClInclude Include="iconspp.h">
      <Filter>Header Files</Filter>
    </ClInclude>
    <ClInclude Include="font.hpp">
      <Filter>Header Files</Filter>
    </ClInclude>
    <ClInclude Include="xor.hpp">
      <Filter>Header Files</Filter>
    </ClInclude>
    <ClInclude Include="resource.h">
      <Filter>Header Files</Filter>
    </ClInclude>
  </ItemGroup>
  <ItemGroup>
    <ClCompile Include="main.cpp">
      <Filter>Source Files</Filter>
    </ClCompile>
    <ClCompile Include="render\imgui\imgui.cpp">
      <Filter>Source Files</Filter>
    </ClCompile>
    <ClCompile Include="render\imgui\imgui_demo.cpp">
      <Filter>Source Files</Filter>
    </ClCompile>
    <ClCompile Include="render\imgui\imgui_draw.cpp">
      <Filter>Source Files</Filter>
    </ClCompile>
    <ClCompile Include="render\imgui\imgui_impl_dx11.cpp">
      <Filter>Source Files</Filter>
    </ClCompile>
    <ClCompile Include="render\imgui\imgui_impl_win32.cpp">
      <Filter>Source Files</Filter>
    </ClCompile>
    <ClCompile Include="render\imgui\imgui_tables.cpp">
      <Filter>Source Files</Filter>
    </ClCompile>
    <ClCompile Include="render\imgui\imgui_widgets.cpp">
      <Filter>Source Files</Filter>
    </ClCompile>
    <ClCompile Include="render\render.cpp">
      <Filter>Source Files</Filter>
    </ClCompile>
    <ClCompile Include="render\custom\custom.cpp">
      <Filter>Source Files</Filter>
    </ClCompile>
    <ClCompile Include="render\custom\imgui_tricks.cpp">
      <Filter>Source Files</Filter>
    </ClCompile>
    <ClCompile Include="cheat\actors\cache.cpp">
      <Filter>Source Files</Filter>
    </ClCompile>
    <ClCompile Include="cheat\kernel\driver.cpp">
      <Filter>Source Files</Filter>
    </ClCompile>
  </ItemGroup>
  <ItemGroup>
    <ResourceCompile Include="ud asf.rc">
      <Filter>Resource Files</Filter>
    </ResourceCompile>
  </ItemGroup>
  <ItemGroup>
    <Image Include="D:\1Projects\SubZero Mac Changer\logo.ico">
      <Filter>Resource Files</Filter>
    </Image>
  </ItemGroup>
</Project>